
Microsoft Visual Studio Solution File, Format Version 12.00
# Visual Studio Version 16
VisualStudioVersion = 16.0.31911.196
MinimumVisualStudioVersion = 10.0.40219.1
Project("{9A19103F-16F7-4668-BE54-9A1E7A4F7556}") = "TicketOffice", "TicketOffice\TicketOffice.csproj", "{ACBA5C6E-B3F3-4939-ABC4-333788CC6AE0}"
EndProject
Global
	GlobalSection(SolutionConfigurationPlatforms) = preSolution
		Debug|Any CPU = Debug|Any CPU
		Release|Any CPU = Release|Any CPU
	EndGlobalSection
	GlobalSection(ProjectConfigurationPlatforms) = postSolution
		{ACBA5C6E-B3F3-4939-ABC4-333788CC6AE0}.Debug|Any CPU.ActiveCfg = Debug|Any CPU
		{ACBA5C6E-B3F3-4939-ABC4-333788CC6AE0}.Debug|Any CPU.Build.0 = Debug|Any CPU
		{ACBA5C6E-B3F3-4939-ABC4-333788CC6AE0}.Release|Any CPU.ActiveCfg = Release|Any CPU
		{ACBA5C6E-B3F3-4939-ABC4-333788CC6AE0}.Release|Any CPU.Build.0 = Release|Any CPU
	EndGlobalSection
	GlobalSection(SolutionProperties) = preSolution
		HideSolutionNode = FALSE
	EndGlobalSection
	GlobalSection(ExtensibilityGlobals) = postSolution
		SolutionGuid = {AA81447D-B4BE-4988-819A-0BB43FD510B6}
	EndGlobalSection
EndGlobal
